
Microsoft Visual Studio Solution File, Format Version 12.00
# Visual Studio 14
VisualStudioVersion = 14.0.23107.0
MinimumVisualStudioVersion = 10.0.40219.1
Project("{FAE04EC0-301F-11D3-BF4B-00C04F79EFBC}") = "Dom3009", "Dom3009\Dom3009.csproj", "{045F6162-2511-43D1-9C28-24C6B9AF3700}"
EndProject
Global
	GlobalSection(SolutionConfigurationPlatforms) = preSolution
		Debug|Any CPU = Debug|Any CPU
		Release|Any CPU = Release|Any CPU
	EndGlobalSection
	GlobalSection(ProjectConfigurationPlatforms) = postSolution
		{045F6162-2511-43D1-9C28-24C6B9AF3700}.Debug|Any CPU.ActiveCfg = Debug|Any CPU
		{045F6162-2511-43D1-9C28-24C6B9AF3700}.Debug|Any CPU.Build.0 = Debug|Any CPU
		{045F6162-2511-43D1-9C28-24C6B9AF3700}.Release|Any CPU.ActiveCfg = Release|Any CPU
		{045F6162-2511-43D1-9C28-24C6B9AF3700}.Release|Any CPU.Build.0 = Release|Any CPU
	EndGlobalSection
	GlobalSection(SolutionProperties) = preSolution
		HideSolutionNode = FALSE
	EndGlobalSection
EndGlobal
